// !$*UTF8*$!
{
	archiveVersion = 1;
	classes = {
	};
	objectVersion = 56;
	objects = {

/* Begin PBXBuildFile section */
		7C506F1829BC0A75003B54ED /* AppDelegate.swift in Sources */ = {isa = PBXBuildFile; fileRef = 7C506F1729BC0A75003B54ED /* AppDelegate.swift */; };
		7C506F1A29BC0A75003B54ED /* SceneDelegate.swift in Sources */ = {isa = PBXBuildFile; fileRef = 7C506F1929BC0A75003B54ED /* SceneDelegate.swift */; };
		7C506F1C29BC0A75003B54ED /* LoginViewController.swift in Sources */ = {isa = PBXBuildFile; fileRef = 7C506F1B29BC0A75003B54ED /* LoginViewController.swift */; };
		7C506F1F29BC0A75003B54ED /* Main.storyboard in Resources */ = {isa = PBXBuildFile; fileRef = 7C506F1D29BC0A75003B54ED /* Main.storyboard */; };
		7C506F2129BC0A78003B54ED /* Assets.xcassets in Resources */ = {isa = PBXBuildFile; fileRef = 7C506F2029BC0A78003B54ED /* Assets.xcassets */; };
		7C506F2429BC0A78003B54ED /* LaunchScreen.storyboard in Resources */ = {isa = PBXBuildFile; fileRef = 7C506F2229BC0A78003B54ED /* LaunchScreen.storyboard */; };
		7C506F2F29BC0A78003B54ED /* YESSTests.swift in Sources */ = {isa = PBXBuildFile; fileRef = 7C506F2E29BC0A78003B54ED /* YESSTests.swift */; };
		7C506F3929BC0A78003B54ED /* YESSUITests.swift in Sources */ = {isa = PBXBuildFile; fileRef = 7C506F3829BC0A78003B54ED /* YESSUITests.swift */; };
		7C506F3B29BC0A78003B54ED /* YESSUITestsLaunchTests.swift in Sources */ = {isa = PBXBuildFile; fileRef = 7C506F3A29BC0A78003B54ED /* YESSUITestsLaunchTests.swift */; };
/* End PBXBuildFile section */

/* Begin PBXContainerItemProxy section */
		7C506F2B29BC0A78003B54ED /* PBXContainerItemProxy */ = {
			isa = PBXContainerItemProxy;
			containerPortal = 7C506F0C29BC0A75003B54ED /* Project object */;
			proxyType = 1;
			remoteGlobalIDString = 7C506F1329BC0A75003B54ED;
			remoteInfo = YESS;
		};
		7C506F3529BC0A78003B54ED /* PBXContainerItemProxy */ = {
			isa = PBXContainerItemProxy;
			containerPortal = 7C506F0C29BC0A75003B54ED /* Project object */;
			proxyType = 1;
			remoteGlobalIDString = 7C506F1329BC0A75003B54ED;
			remoteInfo = YESS;
		};
/* End PBXContainerItemProxy section */

/* Begin PBXFileReference section */
		7C506F1429BC0A75003B54ED /* YESS.app */ = {isa = PBXFileReference; explicitFileType = wrapper.application; includeInIndex = 0; path = YESS.app; sourceTree = BUILT_PRODUCTS_DIR; };
		7C506F1729BC0A75003B54ED /* AppDelegate.swift */ = {isa = PBXFileReference; lastKnownFileType = sourcecode.swift; path = AppDelegate.swift; sourceTree = "<group>"; };
		7C506F1929BC0A75003B54ED /* SceneDelegate.swift */ = {isa = PBXFileReference; lastKnownFileType = sourcecode.swift; path = SceneDelegate.swift; sourceTree = "<group>"; };
		7C506F1B29BC0A75003B54ED /* LoginViewController.swift */ = {isa = PBXFileReference; lastKnownFileType = sourcecode.swift; path = LoginViewController.swift; sourceTree = "<group>"; };
		7C506F1E29BC0A75003B54ED /* Base */ = {isa = PBXFileReference; lastKnownFileType = file.storyboard; name = Base; path = Base.lproj/Main.storyboard; sourceTree = "<group>"; };
		7C506F2029BC0A78003B54ED /* Assets.xcassets */ = {isa = PBXFileReference; lastKnownFileType = folder.assetcatalog; path = Assets.xcassets; sourceTree = "<group>"; };
		7C506F2329BC0A78003B54ED /* Base */ = {isa = PBXFileReference; lastKnownFileType = file.storyboard; name = Base; path = Base.lproj/LaunchScreen.storyboard; sourceTree = "<group>"; };
		7C506F2529BC0A78003B54ED /* Info.plist */ = {isa = PBXFileReference; lastKnownFileType = text.plist.xml; path = Info.plist; sourceTree = "<group>"; };
		7C506F2A29BC0A78003B54ED /* YESSTests.xctest */ = {isa = PBXFileReference; explicitFileType = wrapper.cfbundle; includeInIndex = 0; path = YESSTests.xctest; sourceTree = BUILT_PRODUCTS_DIR; };
		7C506F2E29BC0A78003B54ED /* YESSTests.swift */ = {isa = PBXFileReference; lastKnownFileType = sourcecode.swift; path = YESSTests.swift; sourceTree = "<group>"; };
		7C506F3429BC0A78003B54ED /* YESSUITests.xctest */ = {isa = PBXFileReference; explicitFileType = wrapper.cfbundle; includeInIndex = 0; path = YESSUITests.xctest; sourceTree = BUILT_PRODUCTS_DIR; };
		7C506F3829BC0A78003B54ED /* YESSUITests.swift */ = {isa = PBXFileReference; lastKnownFileType = sourcecode.swift; path = YESSUITests.swift; sourceTree = "<group>"; };
		7C506F3A29BC0A78003B54ED /* YESSUITestsLaunchTests.swift */ = {isa = PBXFileReference; lastKnownFileType = sourcecode.swift; path = YESSUITestsLaunchTests.swift; sourceTree = "<group>"; };
/* End PBXFileReference section */

/* Begin PBXFrameworksBuildPhase section */
		7C506F1129BC0A75003B54ED /* Frameworks */ = {
			isa = PBXFrameworksBuildPhase;
			buildActionMask = 2147483647;
			files = (
			);
			runOnlyForDeploymentPostprocessing = 0;
		};
		7C506F2729BC0A78003B54ED /* Frameworks */ = {
			isa = PBXFrameworksBuildPhase;
			buildActionMask = 2147483647;
			files = (
			);
			runOnlyForDeploymentPostprocessing = 0;
		};
		7C506F3129BC0A78003B54ED /* Frameworks */ = {
			isa = PBXFrameworksBuildPhase;
			buildActionMask = 2147483647;
			files = (
			);
			runOnlyForDeploymentPostprocessing = 0;
		};
/* End PBXFrameworksBuildPhase section */

/* Begin PBXGroup section */
		7C506F0B29BC0A75003B54ED = {
			isa = PBXGroup;
			children = (
				7C506F1629BC0A75003B54ED /* YESS */,
				7C506F2D29BC0A78003B54ED /* YESSTests */,
				7C506F3729BC0A78003B54ED /* YESSUITests */,
				7C506F1529BC0A75003B54ED /* Products */,
			);
			sourceTree = "<group>";
		};
		7C506F1529BC0A75003B54ED /* Products */ = {
			isa = PBXGroup;
			children = (
				7C506F1429BC0A75003B54ED /* YESS.app */,
				7C506F2A29BC0A78003B54ED /* YESSTests.xctest */,
				7C506F3429BC0A78003B54ED /* YESSUITests.xctest */,
			);
			name = Products;
			sourceTree = "<group>";
		};
		7C506F1629BC0A75003B54ED /* YESS */ = {
			isa = PBXGroup;
			children = (
				7C506F1729BC0A75003B54ED /* AppDelegate.swift */,
				7C506F1929BC0A75003B54ED /* SceneDelegate.swift */,
				7C506F1B29BC0A75003B54ED /* LoginViewController.swift */,
				7C506F1D29BC0A75003B54ED /* Main.storyboard */,
				7C506F2029BC0A78003B54ED /* Assets.xcassets */,
				7C506F2229BC0A78003B54ED /* LaunchScreen.storyboard */,
				7C506F2529BC0A78003B54ED /* Info.plist */,
			);
			path = YESS;
			sourceTree = "<group>";
		};
		7C506F2D29BC0A78003B54ED /* YESSTests */ = {
			isa = PBXGroup;
			children = (
				7C506F2E29BC0A78003B54ED /* YESSTests.swift */,
			);
			path = YESSTests;
			sourceTree = "<group>";
		};
		7C506F3729BC0A78003B54ED /* YESSUITests */ = {
			isa = PBXGroup;
			children = (
				7C506F3829BC0A78003B54ED /* YESSUITests.swift */,
				7C506F3A29BC0A78003B54ED /* YESSUITestsLaunchTests.swift */,
			);
			path = YESSUITests;
			sourceTree = "<group>";
		};
/* End PBXGroup section */

/* Begin PBXNativeTarget section */
		7C506F1329BC0A75003B54ED /* YESS */ = {
			isa = PBXNativeTarget;
			buildConfigurationList = 7C506F3E29BC0A78003B54ED /* Build configuration list for PBXNativeTarget "YESS" */;
			buildPhases = (
				7C506F1029BC0A75003B54ED /* Sources */,
				7C506F1129BC0A75003B54ED /* Frameworks */,
				7C506F1229BC0A75003B54ED /* Resources */,
			);
			buildRules = (
			);
			dependencies = (
			);
			name = YESS;
			productName = YESS;
			productReference = 7C506F1429BC0A75003B54ED /* YESS.app */;
			productType = "com.apple.product-type.application";
		};
		7C506F2929BC0A78003B54ED /* YESSTests */ = {
			isa = PBXNativeTarget;
			buildConfigurationList = 7C506F4129BC0A78003B54ED /* Build configuration list for PBXNativeTarget "YESSTests" */;
			buildPhases = (
				7C506F2629BC0A78003B54ED /* Sources */,
				7C506F2729BC0A78003B54ED /* Frameworks */,
				7C506F2829BC0A78003B54ED /* Resources */,
			);
			buildRules = (
			);
			dependencies = (
				7C506F2C29BC0A78003B54ED /* PBXTargetDependency */,
			);
			name = YESSTests;
			productName = YESSTests;
			productReference = 7C506F2A29BC0A78003B54ED /* YESSTests.xctest */;
			productType = "com.apple.product-type.bundle.unit-test";
		};
		7C506F3329BC0A78003B54ED /* YESSUITests */ = {
			isa = PBXNativeTarget;
			buildConfigurationList = 7C506F4429BC0A78003B54ED /* Build configuration list for PBXNativeTarget "YESSUITests" */;
			buildPhases = (
				7C506F3029BC0A78003B54ED /* Sources */,
				7C506F3129BC0A78003B54ED /* Frameworks */,
				7C506F3229BC0A78003B54ED /* Resources */,
			);
			buildRules = (
			);
			dependencies = (
				7C506F3629BC0A78003B54ED /* PBXTargetDependency */,
			);
			name = YESSUITests;
			productName = YESSUITests;
			productReference = 7C506F3429BC0A78003B54ED /* YESSUITests.xctest */;
			productType = "com.apple.product-type.bundle.ui-testing";
		};
/* End PBXNativeTarget section */

/* Begin PBXProject section */
		7C506F0C29BC0A75003B54ED /* Project object */ = {
			isa = PBXProject;
			attributes = {
				BuildIndependentTargetsInParallel = 1;
				LastSwiftUpdateCheck = 1420;
				LastUpgradeCheck = 1420;
				TargetAttributes = {
					7C506F1329BC0A75003B54ED = {
						CreatedOnToolsVersion = 14.2;
					};
					7C506F2929BC0A78003B54ED = {
						CreatedOnToolsVersion = 14.2;
						TestTargetID = 7C506F1329BC0A75003B54ED;
					};
					7C506F3329BC0A78003B54ED = {
						CreatedOnToolsVersion = 14.2;
						TestTargetID = 7C506F1329BC0A75003B54ED;
					};
				};
			};
			buildConfigurationList = 7C506F0F29BC0A75003B54ED /* Build configuration list for PBXProject "YESS" */;
			compatibilityVersion = "Xcode 14.0";
			developmentRegion = en;
			hasScannedForEncodings = 0;
			knownRegions = (
				en,
				Base,
			);
			mainGroup = 7C506F0B29BC0A75003B54ED;
			productRefGroup = 7C506F1529BC0A75003B54ED /* Products */;
			projectDirPath = "";
			projectRoot = "";
			targets = (
				7C506F1329BC0A75003B54ED /* YESS */,
				7C506F2929BC0A78003B54ED /* YESSTests */,
				7C506F3329BC0A78003B54ED /* YESSUITests */,
			);
		};
/* End PBXProject section */

/* Begin PBXResourcesBuildPhase section */
		7C506F1229BC0A75003B54ED /* Resources */ = {
			isa = PBXResourcesBuildPhase;
			buildActionMask = 2147483647;
			files = (
				7C506F2429BC0A78003B54ED /* LaunchScreen.storyboard in Resources */,
				7C506F2129BC0A78003B54ED /* Assets.xcassets in Resources */,
				7C506F1F29BC0A75003B54ED /* Main.storyboard in Resources */,
			);
			runOnlyForDeploymentPostprocessing = 0;
		};
		7C506F2829BC0A78003B54ED /* Resources */ = {
			isa = PBXResourcesBuildPhase;
			buildActionMask = 2147483647;
			files = (
			);
			runOnlyForDeploymentPostprocessing = 0;
		};
		7C506F3229BC0A78003B54ED /* Resources */ = {
			isa = PBXResourcesBuildPhase;
			buildActionMask = 2147483647;
			files = (
			);
			runOnlyForDeploymentPostprocessing = 0;
		};
/* End PBXResourcesBuildPhase section */

/* Begin PBXSourcesBuildPhase section */
		7C506F1029BC0A75003B54ED /* Sources */ = {
			isa = PBXSourcesBuildPhase;
			buildActionMask = 2147483647;
			files = (
				7C506F1C29BC0A75003B54ED /* LoginViewController.swift in Sources */,
				7C506F1829BC0A75003B54ED /* AppDelegate.swift in Sources */,
				7C506F1A29BC0A75003B54ED /* SceneDelegate.swift in Sources */,
			);
			runOnlyForDeploymentPostprocessing = 0;
		};
		7C506F2629BC0A78003B54ED /* Sources */ = {
			isa = PBXSourcesBuildPhase;
			buildActionMask = 2147483647;
			files = (
				7C506F2F29BC0A78003B54ED /* YESSTests.swift in Sources */,
			);
			runOnlyForDeploymentPostprocessing = 0;
		};
		7C506F3029BC0A78003B54ED /* Sources */ = {
			isa = PBXSourcesBuildPhase;
			buildActionMask = 2147483647;
			files = (
				7C506F3B29BC0A78003B54ED /* YESSUITestsLaunchTests.swift in Sources */,
				7C506F3929BC0A78003B54ED /* YESSUITests.swift in Sources */,
			);
			runOnlyForDeploymentPostprocessing = 0;
		};
/* End PBXSourcesBuildPhase section */

/* Begin PBXTargetDependency section */
		7C506F2C29BC0A78003B54ED /* PBXTargetDependency */ = {
			isa = PBXTargetDependency;
			target = 7C506F1329BC0A75003B54ED /* YESS */;
			targetProxy = 7C506F2B29BC0A78003B54ED /* PBXContainerItemProxy */;
		};
		7C506F3629BC0A78003B54ED /* PBXTargetDependency */ = {
			isa = PBXTargetDependency;
			target = 7C506F1329BC0A75003B54ED /* YESS */;
			targetProxy = 7C506F3529BC0A78003B54ED /* PBXContainerItemProxy */;
		};
/* End PBXTargetDependency section */

/* Begin PBXVariantGroup section */
		7C506F1D29BC0A75003B54ED /* Main.storyboard */ = {
			isa = PBXVariantGroup;
			children = (
				7C506F1E29BC0A75003B54ED /* Base */,
			);
			name = Main.storyboard;
			sourceTree = "<group>";
		};
		7C506F2229BC0A78003B54ED /* LaunchScreen.storyboard */ = {
			isa = PBXVariantGroup;
			children = (
				7C506F2329BC0A78003B54ED /* Base */,
			);
			name = LaunchScreen.storyboard;
			sourceTree = "<group>";
		};
/* End PBXVariantGroup section */

/* Begin XCBuildConfiguration section */
		7C506F3C29BC0A78003B54ED /* Debug */ = {
			isa = XCBuildConfiguration;
			buildSettings = {
				ALWAYS_SEARCH_USER_PATHS = NO;
				CLANG_ANALYZER_NONNULL = YES;
				CLANG_ANALYZER_NUMBER_OBJECT_CONVERSION = YES_AGGRESSIVE;
				CLANG_CXX_LANGUAGE_STANDARD = "gnu++20";
				CLANG_ENABLE_MODULES = YES;
				CLANG_ENABLE_OBJC_ARC = YES;
				CLANG_ENABLE_OBJC_WEAK = YES;
				CLANG_WARN_BLOCK_CAPTURE_AUTORELEASING = YES;
				CLANG_WARN_BOOL_CONVERSION = YES;
				CLANG_WARN_COMMA = YES;
				CLANG_WARN_CONSTANT_CONVERSION = YES;
				CLANG_WARN_DEPRECATED_OBJC_IMPLEMENTATIONS = YES;
				CLANG_WARN_DIRECT_OBJC_ISA_USAGE = YES_ERROR;
				CLANG_WARN_DOCUMENTATION_COMMENTS = YES;
				CLANG_WARN_EMPTY_BODY = YES;
				CLANG_WARN_ENUM_CONVERSION = YES;
				CLANG_WARN_INFINITE_RECURSION = YES;
				CLANG_WARN_INT_CONVERSION = YES;
				CLANG_WARN_NON_LITERAL_NULL_CONVERSION = YES;
				CLANG_WARN_OBJC_IMPLICIT_RETAIN_SELF = YES;
				CLANG_WARN_OBJC_LITERAL_CONVERSION = YES;
				CLANG_WARN_OBJC_ROOT_CLASS = YES_ERROR;
				CLANG_WARN_QUOTED_INCLUDE_IN_FRAMEWORK_HEADER = YES;
				CLANG_WARN_RANGE_LOOP_ANALYSIS = YES;
				CLANG_WARN_STRICT_PROTOTYPES = YES;
				CLANG_WARN_SUSPICIOUS_MOVE = YES;
				CLANG_WARN_UNGUARDED_AVAILABILITY = YES_AGGRESSIVE;
				CLANG_WARN_UNREACHABLE_CODE = YES;
				CLANG_WARN__DUPLICATE_METHOD_MATCH = YES;
				COPY_PHASE_STRIP = NO;
				DEBUG_INFORMATION_FORMAT = dwarf;
				ENABLE_STRICT_OBJC_MSGSEND = YES;
				ENABLE_TESTABILITY = YES;
				GCC_C_LANGUAGE_STANDARD = gnu11;
				GCC_DYNAMIC_NO_PIC = NO;
				GCC_NO_COMMON_BLOCKS = YES;
				GCC_OPTIMIZATION_LEVEL = 0;
				GCC_PREPROCESSOR_DEFINITIONS = (
					"DEBUG=1",
					"$(inherited)",
				);
				GCC_WARN_64_TO_32_BIT_CONVERSION = YES;
				GCC_WARN_ABOUT_RETURN_TYPE = YES_ERROR;
				GCC_WARN_UNDECLARED_SELECTOR = YES;
				GCC_WARN_UNINITIALIZED_AUTOS = YES_AGGRESSIVE;
				GCC_WARN_UNUSED_FUNCTION = YES;
				GCC_WARN_UNUSED_VARIABLE = YES;
				IPHONEOS_DEPLOYMENT_TARGET = 16.2;
				MTL_ENABLE_DEBUG_INFO = INCLUDE_SOURCE;
				MTL_FAST_MATH = YES;
				ONLY_ACTIVE_ARCH = YES;
				SDKROOT = iphoneos;
				SWIFT_ACTIVE_COMPILATION_CONDITIONS = DEBUG;
				SWIFT_OPTIMIZATION_LEVEL = "-Onone";
			};
			name = Debug;
		};
		7C506F3D29BC0A78003B54ED /* Release */ = {
			isa = XCBuildConfiguration;
			buildSettings = {
				ALWAYS_SEARCH_USER_PATHS = NO;
				CLANG_ANALYZER_NONNULL = YES;
				CLANG_ANALYZER_NUMBER_OBJECT_CONVERSION = YES_AGGRESSIVE;
				CLANG_CXX_LANGUAGE_STANDARD = "gnu++20";
				CLANG_ENABLE_MODULES = YES;
				CLANG_ENABLE_OBJC_ARC = YES;
				CLANG_ENABLE_OBJC_WEAK = YES;
				CLANG_WARN_BLOCK_CAPTURE_AUTORELEASING = YES;
				CLANG_WARN_BOOL_CONVERSION = YES;
				CLANG_WARN_COMMA = YES;
				CLANG_WARN_CONSTANT_CONVERSION = YES;
				CLANG_WARN_DEPRECATED_OBJC_IMPLEMENTATIONS = YES;
				CLANG_WARN_DIRECT_OBJC_ISA_USAGE = YES_ERROR;
				CLANG_WARN_DOCUMENTATION_COMMENTS = YES;
				CLANG_WARN_EMPTY_BODY = YES;
				CLANG_WARN_ENUM_CONVERSION = YES;
				CLANG_WARN_INFINITE_RECURSION = YES;
				CLANG_WARN_INT_CONVERSION = YES;
				CLANG_WARN_NON_LITERAL_NULL_CONVERSION = YES;
				CLANG_WARN_OBJC_IMPLICIT_RETAIN_SELF = YES;
				CLANG_WARN_OBJC_LITERAL_CONVERSION = YES;
				CLANG_WARN_OBJC_ROOT_CLASS = YES_ERROR;
				CLANG_WARN_QUOTED_INCLUDE_IN_FRAMEWORK_HEADER = YES;
				CLANG_WARN_RANGE_LOOP_ANALYSIS = YES;
				CLANG_WARN_STRICT_PROTOTYPES = YES;
				CLANG_WARN_SUSPICIOUS_MOVE = YES;
				CLANG_WARN_UNGUARDED_AVAILABILITY = YES_AGGRESSIVE;
				CLANG_WARN_UNREACHABLE_CODE = YES;
				CLANG_WARN__DUPLICATE_METHOD_MATCH = YES;
				COPY_PHASE_STRIP = NO;
				DEBUG_INFORMATION_FORMAT = "dwarf-with-dsym";
				ENABLE_NS_ASSERTIONS = NO;
				ENABLE_STRICT_OBJC_MSGSEND = YES;
				GCC_C_LANGUAGE_STANDARD = gnu11;
				GCC_NO_COMMON_BLOCKS = YES;
				GCC_WARN_64_TO_32_BIT_CONVERSION = YES;
				GCC_WARN_ABOUT_RETURN_TYPE = YES_ERROR;
				GCC_WARN_UNDECLARED_SELECTOR = YES;
				GCC_WARN_UNINITIALIZED_AUTOS = YES_AGGRESSIVE;
				GCC_WARN_UNUSED_FUNCTION = YES;
				GCC_WARN_UNUSED_VARIABLE = YES;
				IPHONEOS_DEPLOYMENT_TARGET = 16.2;
				MTL_ENABLE_DEBUG_INFO = NO;
				MTL_FAST_MATH = YES;
				SDKROOT = iphoneos;
				SWIFT_COMPILATION_MODE = wholemodule;
				SWIFT_OPTIMIZATION_LEVEL = "-O";
				VALIDATE_PRODUCT = YES;
			};
			name = Release;
		};
		7C506F3F29BC0A78003B54ED /* Debug */ = {
			isa = XCBuildConfiguration;
			buildSettings = {
				ASSETCATALOG_COMPILER_APPICON_NAME = AppIcon;
				ASSETCATALOG_COMPILER_GLOBAL_ACCENT_COLOR_NAME = AccentColor;
				CODE_SIGN_STYLE = Automatic;
				CURRENT_PROJECT_VERSION = 1;
				DEVELOPMENT_TEAM = 9982BNUYMZ;
				GENERATE_INFOPLIST_FILE = YES;
				INFOPLIST_FILE = YESS/Info.plist;
				INFOPLIST_KEY_CFBundleDisplayName = YESS;
				INFOPLIST_KEY_UIApplicationSupportsIndirectInputEvents = YES;
				INFOPLIST_KEY_UILaunchStoryboardName = LaunchScreen;
				INFOPLIST_KEY_UIMainStoryboardFile = Main;
				INFOPLIST_KEY_UISupportedInterfaceOrientations_iPad = "UIInterfaceOrientationPortrait UIInterfaceOrientationPortraitUpsideDown UIInterfaceOrientationLandscapeLeft UIInterfaceOrientationLandscapeRight";
				INFOPLIST_KEY_UISupportedInterfaceOrientations_iPhone = "UIInterfaceOrientationPortrait UIInterfaceOrientationLandscapeLeft UIInterfaceOrientationLandscapeRight";
				LD_RUNPATH_SEARCH_PATHS = (
					"$(inherited)",
					"@executable_path/Frameworks",
				);
				MARKETING_VERSION = 1.0;
				PRODUCT_BUNDLE_IDENTIFIER = YESS.YESS;
				PRODUCT_NAME = "$(TARGET_NAME)";
				SWIFT_EMIT_LOC_STRINGS = YES;
				SWIFT_VERSION = 5.0;
				TARGETED_DEVICE_FAMILY = "1,2";
			};
			name = Debug;
		};
		7C506F4029BC0A78003B54ED /* Release */ = {
			isa = XCBuildConfiguration;
			buildSettings = {
				ASSETCATALOG_COMPILER_APPICON_NAME = AppIcon;
				ASSETCATALOG_COMPILER_GLOBAL_ACCENT_COLOR_NAME = AccentColor;
				CODE_SIGN_STYLE = Automatic;
				CURRENT_PROJECT_VERSION = 1;
				DEVELOPMENT_TEAM = 9982BNUYMZ;
				GENERATE_INFOPLIST_FILE = YES;
				INFOPLIST_FILE = YESS/Info.plist;
				INFOPLIST_KEY_CFBundleDisplayName = YESS;
				INFOPLIST_KEY_UIApplicationSupportsIndirectInputEvents = YES;
				INFOPLIST_KEY_UILaunchStoryboardName = LaunchScreen;
				INFOPLIST_KEY_UIMainStoryboardFile = Main;
				INFOPLIST_KEY_UISupportedInterfaceOrientations_iPad = "UIInterfaceOrientationPortrait UIInterfaceOrientationPortraitUpsideDown UIInterfaceOrientationLandscapeLeft UIInterfaceOrientationLandscapeRight";
				INFOPLIST_KEY_UISupportedInterfaceOrientations_iPhone = "UIInterfaceOrientationPortrait UIInterfaceOrientationLandscapeLeft UIInterfaceOrientationLandscapeRight";
				LD_RUNPATH_SEARCH_PATHS = (
					"$(inherited)",
					"@executable_path/Frameworks",
				);
				MARKETING_VERSION = 1.0;
				PRODUCT_BUNDLE_IDENTIFIER = YESS.YESS;
				PRODUCT_NAME = "$(TARGET_NAME)";
				SWIFT_EMIT_LOC_STRINGS = YES;
				SWIFT_VERSION = 5.0;
				TARGETED_DEVICE_FAMILY = "1,2";
			};
			name = Release;
		};
		7C506F4229BC0A78003B54ED /* Debug */ = {
			isa = XCBuildConfiguration;
			buildSettings = {
				ALWAYS_EMBED_SWIFT_STANDARD_LIBRARIES = YES;
				BUNDLE_LOADER = "$(TEST_HOST)";
				CODE_SIGN_STYLE = Automatic;
				CURRENT_PROJECT_VERSION = 1;
				DEVELOPMENT_TEAM = 9982BNUYMZ;
				GENERATE_INFOPLIST_FILE = YES;
				IPHONEOS_DEPLOYMENT_TARGET = 16.2;
				MARKETING_VERSION = 1.0;
				PRODUCT_BUNDLE_IDENTIFIER = YESS.YESSTests;
				PRODUCT_NAME = "$(TARGET_NAME)";
				SWIFT_EMIT_LOC_STRINGS = NO;
				SWIFT_VERSION = 5.0;
				TARGETED_DEVICE_FAMILY = "1,2";
				TEST_HOST = "$(BUILT_PRODUCTS_DIR)/YESS.app/$(BUNDLE_EXECUTABLE_FOLDER_PATH)/YESS";
			};
			name = Debug;
		};
		7C506F4329BC0A78003B54ED /* Release */ = {
			isa = XCBuildConfiguration;
			buildSettings = {
				ALWAYS_EMBED_SWIFT_STANDARD_LIBRARIES = YES;
				BUNDLE_LOADER = "$(TEST_HOST)";
				CODE_SIGN_STYLE = Automatic;
				CURRENT_PROJECT_VERSION = 1;
				DEVELOPMENT_TEAM = 9982BNUYMZ;
				GENERATE_INFOPLIST_FILE = YES;
				IPHONEOS_DEPLOYMENT_TARGET = 16.2;
				MARKETING_VERSION = 1.0;
				PRODUCT_BUNDLE_IDENTIFIER = YESS.YESSTests;
				PRODUCT_NAME = "$(TARGET_NAME)";
				SWIFT_EMIT_LOC_STRINGS = NO;
				SWIFT_VERSION = 5.0;
				TARGETED_DEVICE_FAMILY = "1,2";
				TEST_HOST = "$(BUILT_PRODUCTS_DIR)/YESS.app/$(BUNDLE_EXECUTABLE_FOLDER_PATH)/YESS";
			};
			name = Release;
		};
		7C506F4529BC0A78003B54ED /* Debug */ = {
			isa = XCBuildConfiguration;
			buildSettings = {
				ALWAYS_EMBED_SWIFT_STANDARD_LIBRARIES = YES;
				CODE_SIGN_STYLE = Automatic;
				CURRENT_PROJECT_VERSION = 1;
				DEVELOPMENT_TEAM = 9982BNUYMZ;
				GENERATE_INFOPLIST_FILE = YES;
				MARKETING_VERSION = 1.0;
				PRODUCT_BUNDLE_IDENTIFIER = YESS.YESSUITests;
				PRODUCT_NAME = "$(TARGET_NAME)";
				SWIFT_EMIT_LOC_STRINGS = NO;
				SWIFT_VERSION = 5.0;
				TARGETED_DEVICE_FAMILY = "1,2";
				TEST_TARGET_NAME = YESS;
			};
			name = Debug;
		};
		7C506F4629BC0A78003B54ED /* Release */ = {
			isa = XCBuildConfiguration;
			buildSettings = {
				ALWAYS_EMBED_SWIFT_STANDARD_LIBRARIES = YES;
				CODE_SIGN_STYLE = Automatic;
				CURRENT_PROJECT_VERSION = 1;
				DEVELOPMENT_TEAM = 9982BNUYMZ;
				GENERATE_INFOPLIST_FILE = YES;
				MARKETING_VERSION = 1.0;
				PRODUCT_BUNDLE_IDENTIFIER = YESS.YESSUITests;
				PRODUCT_NAME = "$(TARGET_NAME)";
				SWIFT_EMIT_LOC_STRINGS = NO;
				SWIFT_VERSION = 5.0;
				TARGETED_DEVICE_FAMILY = "1,2";
				TEST_TARGET_NAME = YESS;
			};
			name = Release;
		};
/* End XCBuildConfiguration section */

/* Begin XCConfigurationList section */
		7C506F0F29BC0A75003B54ED /* Build configuration list for PBXProject "YESS" */ = {
			isa = XCConfigurationList;
			buildConfigurations = (
				7C506F3C29BC0A78003B54ED /* Debug */,
				7C506F3D29BC0A78003B54ED /* Release */,
			);
			defaultConfigurationIsVisible = 0;
			defaultConfigurationName = Release;
		};
		7C506F3E29BC0A78003B54ED /* Build configuration list for PBXNativeTarget "YESS" */ = {
			isa = XCConfigurationList;
			buildConfigurations = (
				7C506F3F29BC0A78003B54ED /* Debug */,
				7C506F4029BC0A78003B54ED /* Release */,
			);
			defaultConfigurationIsVisible = 0;
			defaultConfigurationName = Release;
		};
		7C506F4129BC0A78003B54ED /* Build configuration list for PBXNativeTarget "YESSTests" */ = {
			isa = XCConfigurationList;
			buildConfigurations = (
				7C506F4229BC0A78003B54ED /* Debug */,
				7C506F4329BC0A78003B54ED /* Release */,
			);
			defaultConfigurationIsVisible = 0;
			defaultConfigurationName = Release;
		};
		7C506F4429BC0A78003B54ED /* Build configuration list for PBXNativeTarget "YESSUITests" */ = {
			isa = XCConfigurationList;
			buildConfigurations = (
				7C506F4529BC0A78003B54ED /* Debug */,
				7C506F4629BC0A78003B54ED /* Release */,
			);
			defaultConfigurationIsVisible = 0;
			defaultConfigurationName = Release;
		};
/* End XCConfigurationList section */
	};
	rootObject = 7C506F0C29BC0A75003B54ED /* Project object */;
}
